
Microsoft Visual Studio Solution File, Format Version 12.00
# Visual Studio Version 17
VisualStudioVersion = 17.13.35825.156
MinimumVisualStudioVersion = 10.0.40219.1
Project("{FAE04EC0-301F-11D3-BF4B-00C04F79EFBC}") = "LibraryManagement", "LibraryManagement\LibraryManagement.csproj", "{A62817EF-88E4-4D56-9107-B0721768E475}"
EndProject
Global
	GlobalSection(SolutionConfigurationPlatforms) = preSolution
		Debug|Any CPU = Debug|Any CPU
		Release|Any CPU = Release|Any CPU
	EndGlobalSection
	GlobalSection(ProjectConfigurationPlatforms) = postSolution
		{A62817EF-88E4-4D56-9107-B0721768E475}.Debug|Any CPU.ActiveCfg = Debug|Any CPU
		{A62817EF-88E4-4D56-9107-B0721768E475}.Debug|Any CPU.Build.0 = Debug|Any CPU
		{A62817EF-88E4-4D56-9107-B0721768E475}.Release|Any CPU.ActiveCfg = Release|Any CPU
		{A62817EF-88E4-4D56-9107-B0721768E475}.Release|Any CPU.Build.0 = Release|Any CPU
	EndGlobalSection
	GlobalSection(SolutionProperties) = preSolution
		HideSolutionNode = FALSE
	EndGlobalSection
	GlobalSection(ExtensibilityGlobals) = postSolution
		SolutionGuid = {266EB3F9-B7C3-4704-8CD5-D6E855A1526A}
	EndGlobalSection
EndGlobal
